
Microsoft Visual Studio Solution File, Format Version 12.00
# Visual Studio Version 16
VisualStudioVersion = 16.0.30204.135
MinimumVisualStudioVersion = 10.0.40219.1
Project("{FAE04EC0-301F-11D3-BF4B-00C04F79EFBC}") = "WpfApp2", "WpfApp2\WpfApp2.csproj", "{16B263AE-2876-4392-982D-9DCFE90A882A}"
EndProject
Project("{FAE04EC0-301F-11D3-BF4B-00C04F79EFBC}") = "geomTest", "geomTest\geomTest.csproj", "{95FCEEAD-CF1B-4A5B-95F4-582731B4E875}"
EndProject
Global
	GlobalSection(SolutionConfigurationPlatforms) = preSolution
		Debug|Any CPU = Debug|Any CPU
		Release|Any CPU = Release|Any CPU
	EndGlobalSection
	GlobalSection(ProjectConfigurationPlatforms) = postSolution
		{16B263AE-2876-4392-982D-9DCFE90A882A}.Debug|Any CPU.ActiveCfg = Debug|Any CPU
		{16B263AE-2876-4392-982D-9DCFE90A882A}.Debug|Any CPU.Build.0 = Debug|Any CPU
		{16B263AE-2876-4392-982D-9DCFE90A882A}.Release|Any CPU.ActiveCfg = Release|Any CPU
		{16B263AE-2876-4392-982D-9DCFE90A882A}.Release|Any CPU.Build.0 = Release|Any CPU
		{95FCEEAD-CF1B-4A5B-95F4-582731B4E875}.Debug|Any CPU.ActiveCfg = Debug|Any CPU
		{95FCEEAD-CF1B-4A5B-95F4-582731B4E875}.Debug|Any CPU.Build.0 = Debug|Any CPU
		{95FCEEAD-CF1B-4A5B-95F4-582731B4E875}.Release|Any CPU.ActiveCfg = Release|Any CPU
		{95FCEEAD-CF1B-4A5B-95F4-582731B4E875}.Release|Any CPU.Build.0 = Release|Any CPU
	EndGlobalSection
	GlobalSection(SolutionProperties) = preSolution
		HideSolutionNode = FALSE
	EndGlobalSection
	GlobalSection(ExtensibilityGlobals) = postSolution
		SolutionGuid = {4FAA5C05-8294-4332-B594-06842F8A17D3}
	EndGlobalSection
EndGlobal
